
Microsoft Visual Studio Solution File, Format Version 12.00
# Visual Studio Version 17
VisualStudioVersion = 17.2.32616.157
MinimumVisualStudioVersion = 10.0.40219.1
Project("{FAE04EC0-301F-11D3-BF4B-00C04F79EFBC}") = "AppTracker", "AppTracker\AppTracker.csproj", "{1CB02722-1B8B-4AD8-818D-FF6CCD845A41}"
EndProject
Global
	GlobalSection(SolutionConfigurationPlatforms) = preSolution
		Debug|Any CPU = Debug|Any CPU
		Release|Any CPU = Release|Any CPU
	EndGlobalSection
	GlobalSection(ProjectConfigurationPlatforms) = postSolution
		{1CB02722-1B8B-4AD8-818D-FF6CCD845A41}.Debug|Any CPU.ActiveCfg = Debug|Any CPU
		{1CB02722-1B8B-4AD8-818D-FF6CCD845A41}.Debug|Any CPU.Build.0 = Debug|Any CPU
		{1CB02722-1B8B-4AD8-818D-FF6CCD845A41}.Release|Any CPU.ActiveCfg = Release|Any CPU
		{1CB02722-1B8B-4AD8-818D-FF6CCD845A41}.Release|Any CPU.Build.0 = Release|Any CPU
	EndGlobalSection
	GlobalSection(SolutionProperties) = preSolution
		HideSolutionNode = FALSE
	EndGlobalSection
	GlobalSection(ExtensibilityGlobals) = postSolution
		SolutionGuid = {2BE77B4E-B531-413D-8E4E-850FF2C808AB}
	EndGlobalSection
EndGlobal
